
Microsoft Visual Studio Solution File, Format Version 12.00
# Visual Studio Version 16
VisualStudioVersion = 16.0.29613.14
MinimumVisualStudioVersion = 10.0.40219.1
Project("{9A19103F-16F7-4668-BE54-9A1E7A4F7556}") = "ContactListReactMVC", "ContactListReactMVC.csproj", "{FC5476D0-374F-4044-9E49-2B9C3C637AE1}"
EndProject
Global
	GlobalSection(SolutionConfigurationPlatforms) = preSolution
		Debug|Any CPU = Debug|Any CPU
		Release|Any CPU = Release|Any CPU
	EndGlobalSection
	GlobalSection(ProjectConfigurationPlatforms) = postSolution
		{FC5476D0-374F-4044-9E49-2B9C3C637AE1}.Debug|Any CPU.ActiveCfg = Debug|Any CPU
		{FC5476D0-374F-4044-9E49-2B9C3C637AE1}.Debug|Any CPU.Build.0 = Debug|Any CPU
		{FC5476D0-374F-4044-9E49-2B9C3C637AE1}.Release|Any CPU.ActiveCfg = Release|Any CPU
		{FC5476D0-374F-4044-9E49-2B9C3C637AE1}.Release|Any CPU.Build.0 = Release|Any CPU
	EndGlobalSection
	GlobalSection(SolutionProperties) = preSolution
		HideSolutionNode = FALSE
	EndGlobalSection
	GlobalSection(ExtensibilityGlobals) = postSolution
		SolutionGuid = {7FE549F6-741F-428D-957F-AA1374044420}
	EndGlobalSection
EndGlobal
